Microsoft Visual Studio Solution File, Format Version 8.00
Project("{54435603-DBB4-11D2-8724-00A0C9A8B90C}") = "XtremWeb worker", "XtremWeb worker.vdproj", "{0542FF1C-1706-4C95-B570-F2C7CD58082D}"
	ProjectSection(ProjectDependencies) = postProject
	EndProjectSection
EndProject
Global
	GlobalSection(SolutionConfiguration) = preSolution
		Debug = Debug
		Release = Release
		Description = This is the XWHEP desktopgrid computing element
	EndGlobalSection
	GlobalSection(ProjectConfiguration) = postSolution
		{0542FF1C-1706-4C95-B570-F2C7CD58082D}.Debug.ActiveCfg = Debug
		{0542FF1C-1706-4C95-B570-F2C7CD58082D}.Debug.Build.0 = Debug
		{0542FF1C-1706-4C95-B570-F2C7CD58082D}.Release.ActiveCfg = Release
		{0542FF1C-1706-4C95-B570-F2C7CD58082D}.Release.Build.0 = Release
	EndGlobalSection
	GlobalSection(ExtensibilityGlobals) = postSolution
	EndGlobalSection
	GlobalSection(ExtensibilityAddIns) = postSolution
	EndGlobalSection
EndGlobal
